{
  "name": "mnist-inference-server",
  "lockfileVersion": 3,
  "requires": true,
  "packages": {
    "": {
      "dependencies": {
        "@stablelib/x25519": "^2.0.1",
        "sodium-plus": "^0.9.0"
      }
    },
    "node_modules/@stablelib/binary": {
      "version": "2.0.1",
      "resolved": "https://registry.npmjs.org/@stablelib/binary/-/binary-2.0.1.tgz",
      "integrity": "sha512-U9iAO8lXgEDONsA0zPPSgcf3HUBNAqHiJmSHgZz62OvC3Hi2Bhc5kTnQ3S1/L+sthDTHtCMhcEiklmIly6uQ3w==",
      "license": "MIT",
      "dependencies": {
        "@stablelib/int": "^2.0.1"
      }
    },
    "node_modules/@stablelib/bytes": {
      "version": "2.0.1",
      "resolved": "https://registry.npmjs.org/@stablelib/bytes/-/bytes-2.0.1.tgz",
      "integrity": "sha512-QIzI6V7nkJA5CjOZ7GoceBd4CIKrJoC471VaI6jh1xPQ2cMhkhQK4HddyzCXOR2y+fBF3/5B2HO3FXXI9C+Xzg==",
      "license": "MIT"
    },
    "node_modules/@stablelib/int": {
      "version": "2.0.1",
      "resolved": "https://registry.npmjs.org/@stablelib/int/-/int-2.0.1.tgz",
      "integrity": "sha512-Ht63fQp3wz/F8U4AlXEPb7hfJOIILs8Lq55jgtD7KueWtyjhVuzcsGLSTAWtZs3XJDZYdF1WcSKn+kBtbzupww==",
      "license": "MIT"
    },
    "node_modules/@stablelib/keyagreement": {
      "version": "2.0.1",
      "resolved": "https://registry.npmjs.org/@stablelib/keyagreement/-/keyagreement-2.0.1.tgz",
      "integrity": "sha512-2+tWBLCMtWlHQ7GqjD5L+lQRyWtun4Lou0IOdTML8zuTuAS0EgihnHFx+4uMZwYU1In40J/WlpyKSLidHfStRQ==",
      "license": "MIT",
      "dependencies": {
        "@stablelib/bytes": "^2.0.1"
      }
    },
    "node_modules/@stablelib/random": {
      "version": "2.0.1",
      "resolved": "https://registry.npmjs.org/@stablelib/random/-/random-2.0.1.tgz",
      "integrity": "sha512-W6GAtXEEs7r+dSbuBsvoFmlyL3gLxle41tQkjKu17dDWtDdjhVUbtRfRCQcCUeczwkgjQxMPopgwYEvxXtHXGw==",
      "license": "MIT",
      "dependencies": {
        "@stablelib/binary": "^2.0.1",
        "@stablelib/wipe": "^2.0.1"
      }
    },
    "node_modules/@stablelib/wipe": {
      "version": "2.0.1",
      "resolved": "https://registry.npmjs.org/@stablelib/wipe/-/wipe-2.0.1.tgz",
      "integrity": "sha512-1eU2K9EgOcV4qc9jcP6G72xxZxEm5PfeI5H55l08W95b4oRJaqhmlWRc4xZAm6IVSKhVNxMi66V67hCzzuMTAg==",
      "license": "MIT"
    },
    "node_modules/@stablelib/x25519": {
      "version": "2.0.1",
      "resolved": "https://registry.npmjs.org/@stablelib/x25519/-/x25519-2.0.1.tgz",
      "integrity": "sha512-qi04HS2puHaBf50kM/kes5QcZFGsx8yF0YmCjLCOa/LPmnBaKEKX9ZR82OnnCwMn72YH13R/bBZgr/UP0aPFfA==",
      "license": "MIT",
      "dependencies": {
        "@stablelib/keyagreement": "^2.0.1",
        "@stablelib/random": "^2.0.1",
        "@stablelib/wipe": "^2.0.1"
      }
    },
    "node_modules/base64-js": {
      "version": "1.5.1",
      "resolved": "https://registry.npmjs.org/base64-js/-/base64-js-1.5.1.tgz",
      "integrity": "sha512-AKpaYlHn8t4SVbOHCy+b5+KKgvR4vrsD8vbvrbiQJps7fKDTkjkDry6ji0rUJjC0kzbNePLwzxq8iypo41qeWA==",
      "funding": [
        {
          "type": "github",
          "url": "https://github.com/sponsors/feross"
        },
        {
          "type": "patreon",
          "url": "https://www.patreon.com/feross"
        },
        {
          "type": "consulting",
          "url": "https://feross.org/support"
        }
      ],
      "license": "MIT"
    },
    "node_modules/big-integer": {
      "version": "1.6.52",
      "resolved": "https://registry.npmjs.org/big-integer/-/big-integer-1.6.52.tgz",
      "integrity": "sha512-QxD8cf2eVqJOOz63z6JIN9BzvVs/dlySa5HGSBH5xtR8dPteIRQnBxxKqkNTiT6jbDTF6jAfrd4oMcND9RGbQg==",
      "license": "Unlicense",
      "engines": {
        "node": ">=0.6"
      }
    },
    "node_modules/buffer": {
      "version": "5.7.1",
      "resolved": "https://registry.npmjs.org/buffer/-/buffer-5.7.1.tgz",
      "integrity": "sha512-EHcyIPBQ4BSGlvjB16k5KgAJ27CIsHY/2JBmCRReo48y9rQ3MaUzWX3KVlBa4U7MyX02HdVj0K7C3WaB3ju7FQ==",
      "funding": [
        {
          "type": "github",
          "url": "https://github.com/sponsors/feross"
        },
        {
          "type": "patreon",
          "url": "https://www.patreon.com/feross"
        },
        {
          "type": "consulting",
          "url": "https://feross.org/support"
        }
      ],
      "license": "MIT",
      "dependencies": {
        "base64-js": "^1.3.1",
        "ieee754": "^1.1.13"
      }
    },
    "node_modules/ieee754": {
      "version": "1.2.1",
      "resolved": "https://registry.npmjs.org/ieee754/-/ieee754-1.2.1.tgz",
      "integrity": "sha512-dcyqhDvX1C46lXZcVqCpK+FtMRQVdIMN6/Df5js2zouUsqG7I6sFxitIC+7KYK29KdXOLHdu9zL4sFnoVQnqaA==",
      "funding": [
        {
          "type": "github",
          "url": "https://github.com/sponsors/feross"
        },
        {
          "type": "patreon",
          "url": "https://www.patreon.com/feross"
        },
        {
          "type": "consulting",
          "url": "https://feross.org/support"
        }
      ],
      "license": "BSD-3-Clause"
    },
    "node_modules/is-typedarray": {
      "version": "1.0.0",
      "resolved": "https://registry.npmjs.org/is-typedarray/-/is-typedarray-1.0.0.tgz",
      "integrity": "sha512-cyA56iCMHAh5CdzjJIa4aohJyeO1YbwLi3Jc35MmRU6poroFjIGZzUzupGiRPOjgHg9TLu43xbpwXk523fMxKA==",
      "license": "MIT"
    },
    "node_modules/libsodium": {
      "version": "0.7.16",
      "resolved": "https://registry.npmjs.org/libsodium/-/libsodium-0.7.16.tgz",
      "integrity": "sha512-3HrzSPuzm6Yt9aTYCDxYEG8x8/6C0+ag655Y7rhhWZM9PT4NpdnbqlzXhGZlDnkgR6MeSTnOt/VIyHLs9aSf+Q==",
      "license": "ISC"
    },
    "node_modules/libsodium-wrappers": {
      "version": "0.7.16",
      "resolved": "https://registry.npmjs.org/libsodium-wrappers/-/libsodium-wrappers-0.7.16.tgz",
      "integrity": "sha512-Gtr/WBx4dKjvRL1pvfwZqu7gO6AfrQ0u9vFL+kXihtHf6NfkROR8pjYWn98MFDI3jN19Ii1ZUfPR9afGiPyfHg==",
      "license": "ISC",
      "dependencies": {
        "libsodium": "^0.7.16"
      }
    },
    "node_modules/node-gyp-build": {
      "version": "4.8.4",
      "resolved": "https://registry.npmjs.org/node-gyp-build/-/node-gyp-build-4.8.4.tgz",
      "integrity": "sha512-LA4ZjwlnUblHVgq0oBF3Jl/6h/Nvs5fzBLwdEF4nuxnFdsfajde4WfxtJr3CaiH+F6ewcIB/q4jQ4UzPyid+CQ==",
      "license": "MIT",
      "peer": true,
      "bin": {
        "node-gyp-build": "bin.js",
        "node-gyp-build-optional": "optional.js",
        "node-gyp-build-test": "build-test.js"
      }
    },
    "node_modules/poly1305-js": {
      "version": "0.4.4",
      "resolved": "https://registry.npmjs.org/poly1305-js/-/poly1305-js-0.4.4.tgz",
      "integrity": "sha512-5B6/S+vg5AOr66wJDkh5LOpU/F3EKANDy4VXKsNZLXea1uCy6CiOWOZ3VhcC0nYdhE7vJUMcLxqcVlrv2g/+Rg==",
      "license": "ISC",
      "dependencies": {
        "big-integer": "^1.6.51"
      }
    },
    "node_modules/sodium-native": {
      "version": "3.4.1",
      "resolved": "https://registry.npmjs.org/sodium-native/-/sodium-native-3.4.1.tgz",
      "integrity": "sha512-PaNN/roiFWzVVTL6OqjzYct38NSXewdl2wz8SRB51Br/MLIJPrbM3XexhVWkq7D3UWMysfrhKVf1v1phZq6MeQ==",
      "hasInstallScript": true,
      "license": "MIT",
      "peer": true,
      "dependencies": {
        "node-gyp-build": "^4.3.0"
      }
    },
    "node_modules/sodium-plus": {
      "version": "0.9.0",
      "resolved": "https://registry.npmjs.org/sodium-plus/-/sodium-plus-0.9.0.tgz",
      "integrity": "sha512-WWKxrd81qDL7C1A10yxNmZ135yovEZuIRnZ/BIf/FcajYBupbKbPdgzwlusPHLVxkMDDamcarq9PxxRBUSqpCw==",
      "license": "ISC",
      "dependencies": {
        "buffer": "^5.6.0",
        "libsodium-wrappers": "^0.7.6",
        "poly1305-js": "^0.4.2",
        "typedarray-to-buffer": "^3.1.5",
        "xsalsa20": "^1.1.0"
      },
      "peerDependencies": {
        "sodium-native": "^3.2.0"
      }
    },
    "node_modules/typedarray-to-buffer": {
      "version": "3.1.5",
      "resolved": "https://registry.npmjs.org/typedarray-to-buffer/-/typedarray-to-buffer-3.1.5.tgz",
      "integrity": "sha512-zdu8XMNEDepKKR+XYOXAVPtWui0ly0NtohUscw+UmaHiAWT8hrV1rr//H6V+0DvJ3OQ19S979M0laLfX8rm82Q==",
      "license": "MIT",
      "dependencies": {
        "is-typedarray": "^1.0.0"
      }
    },
    "node_modules/xsalsa20": {
      "version": "1.2.0",
      "resolved": "https://registry.npmjs.org/xsalsa20/-/xsalsa20-1.2.0.tgz",
      "integrity": "sha512-FIr/DEeoHfj7ftfylnoFt3rAIRoWXpx2AoDfrT2qD2wtp7Dp+COajvs/Icb7uHqRW9m60f5iXZwdsJJO3kvb7w==",
      "license": "MIT"
    }
  }
}
